// !$*UTF8*$!
{
	archiveVersion = 1;
	classes = {
	};
	objectVersion = 46;
	objects = {

/* Begin PBXBuildFile section */
		015352C416A27F730052744D /* UIKit.framework in Frameworks */ = {isa = PBXBuildFile; fileRef = 015352C316A27F730052744D /* UIKit.framework */; };
		015352C616A27F730052744D /* Foundation.framework in Frameworks */ = {isa = PBXBuildFile; fileRef = 015352C516A27F730052744D /* Foundation.framework */; };
		015352C816A27F730052744D /* CoreGraphics.framework in Frameworks */ = {isa = PBXBuildFile; fileRef = 015352C716A27F730052744D /* CoreGraphics.framework */; };
		015352CE16A27F730052744D /* InfoPlist.strings in Resources */ = {isa = PBXBuildFile; fileRef = 015352CC16A27F730052744D /* InfoPlist.strings */; };
		015352D016A27F730052744D /* main.m in Sources */ = {isa = PBXBuildFile; fileRef = 015352CF16A27F730052744D /* main.m */; };
		015352D416A27F730052744D /* AppDelegate.m in Sources */ = {isa = PBXBuildFile; fileRef = 015352D316A27F730052744D /* AppDelegate.m */; };
		015352D616A27F730052744D /* Default.png in Resources */ = {isa = PBXBuildFile; fileRef = 015352D516A27F730052744D /* Default.png */; };
		015352D816A27F730052744D /* Default@2x.png in Resources */ = {isa = PBXBuildFile; fileRef = 015352D716A27F730052744D /* Default@2x.png */; };
		015352DA16A27F730052744D /* Default-568h@2x.png in Resources */ = {isa = PBXBuildFile; fileRef = 015352D916A27F730052744D /* Default-568h@2x.png */; };
		015352DD16A27F730052744D /* ViewController.m in Sources */ = {isa = PBXBuildFile; fileRef = 015352DC16A27F730052744D /* ViewController.m */; };
		015352E016A27F730052744D /* ViewController.xib in Resources */ = {isa = PBXBuildFile; fileRef = 015352DE16A27F730052744D /* ViewController.xib */; };
		0153532216A283110052744D /* icon.png in Resources */ = {isa = PBXBuildFile; fileRef = 015352E716A283110052744D /* icon.png */; };
		0153532316A283110052744D /* image001.jpg in Resources */ = {isa = PBXBuildFile; fileRef = 015352E816A283110052744D /* image001.jpg */; };
		0153532416A283110052744D /* image002.jpg in Resources */ = {isa = PBXBuildFile; fileRef = 015352E916A283110052744D /* image002.jpg */; };
		0153532516A283110052744D /* image003.jpg in Resources */ = {isa = PBXBuildFile; fileRef = 015352EA16A283110052744D /* image003.jpg */; };
		0153532616A283110052744D /* image004.jpg in Resources */ = {isa = PBXBuildFile; fileRef = 015352EB16A283110052744D /* image004.jpg */; };
		0153532716A283110052744D /* image005.jpg in Resources */ = {isa = PBXBuildFile; fileRef = 015352EC16A283110052744D /* image005.jpg */; };
		0153532816A283110052744D /* image006.jpg in Resources */ = {isa = PBXBuildFile; fileRef = 015352ED16A283110052744D /* image006.jpg */; };
		0153532916A283110052744D /* image007.jpg in Resources */ = {isa = PBXBuildFile; fileRef = 015352EE16A283110052744D /* image007.jpg */; };
		0153532A16A283110052744D /* image008.jpg in Resources */ = {isa = PBXBuildFile; fileRef = 015352EF16A283110052744D /* image008.jpg */; };
		0153532B16A283110052744D /* image009.jpg in Resources */ = {isa = PBXBuildFile; fileRef = 015352F016A283110052744D /* image009.jpg */; };
		0153532C16A283110052744D /* image010.jpg in Resources */ = {isa = PBXBuildFile; fileRef = 015352F116A283110052744D /* image010.jpg */; };
		0153532D16A283110052744D /* image011.jpg in Resources */ = {isa = PBXBuildFile; fileRef = 015352F216A283110052744D /* image011.jpg */; };
		0153532E16A283110052744D /* image012.jpg in Resources */ = {isa = PBXBuildFile; fileRef = 015352F316A283110052744D /* image012.jpg */; };
		0153532F16A283110052744D /* image013.jpg in Resources */ = {isa = PBXBuildFile; fileRef = 015352F416A283110052744D /* image013.jpg */; };
		0153533016A283110052744D /* image014.jpg in Resources */ = {isa = PBXBuildFile; fileRef = 015352F516A283110052744D /* image014.jpg */; };
		0153533116A283110052744D /* image015.jpg in Resources */ = {isa = PBXBuildFile; fileRef = 015352F616A283110052744D /* image015.jpg */; };
		0153533216A283110052744D /* image016.jpg in Resources */ = {isa = PBXBuildFile; fileRef = 015352F716A283110052744D /* image016.jpg */; };
		0153533316A283110052744D /* image017.jpg in Resources */ = {isa = PBXBuildFile; fileRef = 015352F816A283110052744D /* image017.jpg */; };
		0153533416A283110052744D /* image018.jpg in Resources */ = {isa = PBXBuildFile; fileRef = 015352F916A283110052744D /* image018.jpg */; };
		0153533516A283110052744D /* image019.jpg in Resources */ = {isa = PBXBuildFile; fileRef = 015352FA16A283110052744D /* image019.jpg */; };
		0153533616A283110052744D /* image020.jpg in Resources */ = {isa = PBXBuildFile; fileRef = 015352FB16A283110052744D /* image020.jpg */; };
		0153533716A283110052744D /* image021.jpg in Resources */ = {isa = PBXBuildFile; fileRef = 015352FC16A283110052744D /* image021.jpg */; };
		0153533816A283110052744D /* image022.jpg in Resources */ = {isa = PBXBuildFile; fileRef = 015352FD16A283110052744D /* image022.jpg */; };
		0153533916A283110052744D /* image023.jpg in Resources */ = {isa = PBXBuildFile; fileRef = 015352FE16A283110052744D /* image023.jpg */; };
		0153533A16A283110052744D /* image024.jpg in Resources */ = {isa = PBXBuildFile; fileRef = 015352FF16A283110052744D /* image024.jpg */; };
		0153533B16A283110052744D /* image025.jpg in Resources */ = {isa = PBXBuildFile; fileRef = 0153530016A283110052744D /* image025.jpg */; };
		0153533C16A283110052744D /* image026.jpg in Resources */ = {isa = PBXBuildFile; fileRef = 0153530116A283110052744D /* image026.jpg */; };
		0153533D16A283110052744D /* image027.jpg in Resources */ = {isa = PBXBuildFile; fileRef = 0153530216A283110052744D /* image027.jpg */; };
		0153533E16A283110052744D /* image028.jpg in Resources */ = {isa = PBXBuildFile; fileRef = 0153530316A283110052744D /* image028.jpg */; };
		0153533F16A283110052744D /* image029.jpg in Resources */ = {isa = PBXBuildFile; fileRef = 0153530416A283110052744D /* image029.jpg */; };
		0153534016A283110052744D /* image030.jpg in Resources */ = {isa = PBXBuildFile; fileRef = 0153530516A283110052744D /* image030.jpg */; };
		0153534116A283110052744D /* image031.jpg in Resources */ = {isa = PBXBuildFile; fileRef = 0153530616A283110052744D /* image031.jpg */; };
		0153534216A283110052744D /* image032.jpg in Resources */ = {isa = PBXBuildFile; fileRef = 0153530716A283110052744D /* image032.jpg */; };
		0153534316A283110052744D /* image033.jpg in Resources */ = {isa = PBXBuildFile; fileRef = 0153530816A283110052744D /* image033.jpg */; };
		0153534416A283110052744D /* image034.jpg in Resources */ = {isa = PBXBuildFile; fileRef = 0153530916A283110052744D /* image034.jpg */; };
		0153534516A283110052744D /* image035.jpg in Resources */ = {isa = PBXBuildFile; fileRef = 0153530A16A283110052744D /* image035.jpg */; };
		0153534616A283110052744D /* image036.jpg in Resources */ = {isa = PBXBuildFile; fileRef = 0153530B16A283110052744D /* image036.jpg */; };
		0153534716A283110052744D /* image037.jpg in Resources */ = {isa = PBXBuildFile; fileRef = 0153530C16A283110052744D /* image037.jpg */; };
		0153534816A283110052744D /* image038.jpg in Resources */ = {isa = PBXBuildFile; fileRef = 0153530D16A283110052744D /* image038.jpg */; };
		0153534916A283110052744D /* image039.jpg in Resources */ = {isa = PBXBuildFile; fileRef = 0153530E16A283110052744D /* image039.jpg */; };
		0153534A16A283110052744D /* image040.jpg in Resources */ = {isa = PBXBuildFile; fileRef = 0153530F16A283110052744D /* image040.jpg */; };
		0153534B16A283110052744D /* image041.jpg in Resources */ = {isa = PBXBuildFile; fileRef = 0153531016A283110052744D /* image041.jpg */; };
		0153534C16A283110052744D /* image042.jpg in Resources */ = {isa = PBXBuildFile; fileRef = 0153531116A283110052744D /* image042.jpg */; };
		0153534D16A283110052744D /* image043.jpg in Resources */ = {isa = PBXBuildFile; fileRef = 0153531216A283110052744D /* image043.jpg */; };
		0153534E16A283110052744D /* image044.jpg in Resources */ = {isa = PBXBuildFile; fileRef = 0153531316A283110052744D /* image044.jpg */; };
		0153534F16A283110052744D /* image045.jpg in Resources */ = {isa = PBXBuildFile; fileRef = 0153531416A283110052744D /* image045.jpg */; };
		0153535016A283110052744D /* image046.jpg in Resources */ = {isa = PBXBuildFile; fileRef = 0153531516A283110052744D /* image046.jpg */; };
		0153535116A283110052744D /* image047.jpg in Resources */ = {isa = PBXBuildFile; fileRef = 0153531616A283110052744D /* image047.jpg */; };
		0153535216A283110052744D /* image048.jpg in Resources */ = {isa = PBXBuildFile; fileRef = 0153531716A283110052744D /* image048.jpg */; };
		0153535316A283110052744D /* image049.jpg in Resources */ = {isa = PBXBuildFile; fileRef = 0153531816A283110052744D /* image049.jpg */; };
		0153535416A283110052744D /* image050.jpg in Resources */ = {isa = PBXBuildFile; fileRef = 0153531916A283110052744D /* image050.jpg */; };
		0153535516A283110052744D /* image051.jpg in Resources */ = {isa = PBXBuildFile; fileRef = 0153531A16A283110052744D /* image051.jpg */; };
		0153535616A283110052744D /* image052.jpg in Resources */ = {isa = PBXBuildFile; fileRef = 0153531B16A283110052744D /* image052.jpg */; };
		0153535716A283110052744D /* image053.jpg in Resources */ = {isa = PBXBuildFile; fileRef = 0153531C16A283110052744D /* image053.jpg */; };
		0153535816A283110052744D /* image054.jpg in Resources */ = {isa = PBXBuildFile; fileRef = 0153531D16A283110052744D /* image054.jpg */; };
		0153535916A283110052744D /* image055.jpg in Resources */ = {isa = PBXBuildFile; fileRef = 0153531E16A283110052744D /* image055.jpg */; };
		0153535A16A283110052744D /* image056.jpg in Resources */ = {isa = PBXBuildFile; fileRef = 0153531F16A283110052744D /* image056.jpg */; };
		0153535B16A283110052744D /* image057.jpg in Resources */ = {isa = PBXBuildFile; fileRef = 0153532016A283110052744D /* image057.jpg */; };
		0153535C16A283110052744D /* image058.jpg in Resources */ = {isa = PBXBuildFile; fileRef = 0153532116A283110052744D /* image058.jpg */; };
		0153736716A59CE30081AE74 /* MyImageView.m in Sources */ = {isa = PBXBuildFile; fileRef = 0153736616A59CE30081AE74 /* MyImageView.m */; };
		0153736C16A59E100081AE74 /* ImageList.m in Sources */ = {isa = PBXBuildFile; fileRef = 0153736B16A59E100081AE74 /* ImageList.m */; };
		015373AF16A6ED6B0081AE74 /* ListUnit.m in Sources */ = {isa = PBXBuildFile; fileRef = 015373AE16A6ED6B0081AE74 /* ListUnit.m */; };
		015373B216A6FAC90081AE74 /* testView.xib in Resources */ = {isa = PBXBuildFile; fileRef = 015373B116A6FAC90081AE74 /* testView.xib */; };
/* End PBXBuildFile section */

/* Begin PBXFileReference section */
		015352BF16A27F730052744D /* PhotoAlbum.app */ = {isa = PBXFileReference; explicitFileType = wrapper.application; includeInIndex = 0; path = PhotoAlbum.app; sourceTree = BUILT_PRODUCTS_DIR; };
		015352C316A27F730052744D /* UIKit.framework */ = {isa = PBXFileReference; lastKnownFileType = wrapper.framework; name = UIKit.framework; path = System/Library/Frameworks/UIKit.framework; sourceTree = SDKROOT; };
		015352C516A27F730052744D /* Foundation.framework */ = {isa = PBXFileReference; lastKnownFileType = wrapper.framework; name = Foundation.framework; path = System/Library/Frameworks/Foundation.framework; sourceTree = SDKROOT; };
		015352C716A27F730052744D /* CoreGraphics.framework */ = {isa = PBXFileReference; lastKnownFileType = wrapper.framework; name = CoreGraphics.framework; path = System/Library/Frameworks/CoreGraphics.framework; sourceTree = SDKROOT; };
		015352CB16A27F730052744D /* PhotoAlbum-Info.plist */ = {isa = PBXFileReference; lastKnownFileType = text.plist.xml; path = "PhotoAlbum-Info.plist"; sourceTree = "<group>"; };
		015352CD16A27F730052744D /* en */ = {isa = PBXFileReference; lastKnownFileType = text.plist.strings; name = en; path = en.lproj/InfoPlist.strings; sourceTree = "<group>"; };
		015352CF16A27F730052744D /* main.m */ = {isa = PBXFileReference; lastKnownFileType = sourcecode.c.objc; path = main.m; sourceTree = "<group>"; };
		015352D116A27F730052744D /* PhotoAlbum-Prefix.pch */ = {isa = PBXFileReference; lastKnownFileType = sourcecode.c.h; path = "PhotoAlbum-Prefix.pch"; sourceTree = "<group>"; };
		015352D216A27F730052744D /* AppDelegate.h */ = {isa = PBXFileReference; lastKnownFileType = sourcecode.c.h; path = AppDelegate.h; sourceTree = "<group>"; };
		015352D316A27F730052744D /* AppDelegate.m */ = {isa = PBXFileReference; lastKnownFileType = sourcecode.c.objc; path = AppDelegate.m; sourceTree = "<group>"; };
		015352D516A27F730052744D /* Default.png */ = {isa = PBXFileReference; lastKnownFileType = image.png; path = Default.png; sourceTree = "<group>"; };
		015352D716A27F730052744D /* Default@2x.png */ = {isa = PBXFileReference; lastKnownFileType = image.png; path = "Default@2x.png"; sourceTree = "<group>"; };
		015352D916A27F730052744D /* Default-568h@2x.png */ = {isa = PBXFileReference; lastKnownFileType = image.png; path = "Default-568h@2x.png"; sourceTree = "<group>"; };
		015352DB16A27F730052744D /* ViewController.h */ = {isa = PBXFileReference; lastKnownFileType = sourcecode.c.h; path = ViewController.h; sourceTree = "<group>"; };
		015352DC16A27F730052744D /* ViewController.m */ = {isa = PBXFileReference; lastKnownFileType = sourcecode.c.objc; path = ViewController.m; sourceTree = "<group>"; };
		015352DF16A27F730052744D /* en */ = {isa = PBXFileReference; lastKnownFileType = file.xib; name = en; path = en.lproj/ViewController.xib; sourceTree = "<group>"; };
		015352E716A283110052744D /* icon.png */ = {isa = PBXFileReference; lastKnownFileType = image.png; path = icon.png; sourceTree = "<group>"; };
		015352E816A283110052744D /* image001.jpg */ = {isa = PBXFileReference; lastKnownFileType = image.jpeg; path = image001.jpg; sourceTree = "<group>"; };
		015352E916A283110052744D /* image002.jpg */ = {isa = PBXFileReference; lastKnownFileType = image.jpeg; path = image002.jpg; sourceTree = "<group>"; };
		015352EA16A283110052744D /* image003.jpg */ = {isa = PBXFileReference; lastKnownFileType = image.jpeg; path = image003.jpg; sourceTree = "<group>"; };
		015352EB16A283110052744D /* image004.jpg */ = {isa = PBXFileReference; lastKnownFileType = image.jpeg; path = image004.jpg; sourceTree = "<group>"; };
		015352EC16A283110052744D /* image005.jpg */ = {isa = PBXFileReference; lastKnownFileType = image.jpeg; path = image005.jpg; sourceTree = "<group>"; };
		015352ED16A283110052744D /* image006.jpg */ = {isa = PBXFileReference; lastKnownFileType = image.jpeg; path = image006.jpg; sourceTree = "<group>"; };
		015352EE16A283110052744D /* image007.jpg */ = {isa = PBXFileReference; lastKnownFileType = image.jpeg; path = image007.jpg; sourceTree = "<group>"; };
		015352EF16A283110052744D /* image008.jpg */ = {isa = PBXFileReference; lastKnownFileType = image.jpeg; path = image008.jpg; sourceTree = "<group>"; };
		015352F016A283110052744D /* image009.jpg */ = {isa = PBXFileReference; lastKnownFileType = image.jpeg; path = image009.jpg; sourceTree = "<group>"; };
		015352F116A283110052744D /* image010.jpg */ = {isa = PBXFileReference; lastKnownFileType = image.jpeg; path = image010.jpg; sourceTree = "<group>"; };
		015352F216A283110052744D /* image011.jpg */ = {isa = PBXFileReference; lastKnownFileType = image.jpeg; path = image011.jpg; sourceTree = "<group>"; };
		015352F316A283110052744D /* image012.jpg */ = {isa = PBXFileReference; lastKnownFileType = image.jpeg; path = image012.jpg; sourceTree = "<group>"; };
		015352F416A283110052744D /* image013.jpg */ = {isa = PBXFileReference; lastKnownFileType = image.jpeg; path = image013.jpg; sourceTree = "<group>"; };
		015352F516A283110052744D /* image014.jpg */ = {isa = PBXFileReference; lastKnownFileType = image.jpeg; path = image014.jpg; sourceTree = "<group>"; };
		015352F616A283110052744D /* image015.jpg */ = {isa = PBXFileReference; lastKnownFileType = image.jpeg; path = image015.jpg; sourceTree = "<group>"; };
		015352F716A283110052744D /* image016.jpg */ = {isa = PBXFileReference; lastKnownFileType = image.jpeg; path = image016.jpg; sourceTree = "<group>"; };
		015352F816A283110052744D /* image017.jpg */ = {isa = PBXFileReference; lastKnownFileType = image.jpeg; path = image017.jpg; sourceTree = "<group>"; };
		015352F916A283110052744D /* image018.jpg */ = {isa = PBXFileReference; lastKnownFileType = image.jpeg; path = image018.jpg; sourceTree = "<group>"; };
		015352FA16A283110052744D /* image019.jpg */ = {isa = PBXFileReference; lastKnownFileType = image.jpeg; path = image019.jpg; sourceTree = "<group>"; };
		015352FB16A283110052744D /* image020.jpg */ = {isa = PBXFileReference; lastKnownFileType = image.jpeg; path = image020.jpg; sourceTree = "<group>"; };
		015352FC16A283110052744D /* image021.jpg */ = {isa = PBXFileReference; lastKnownFileType = image.jpeg; path = image021.jpg; sourceTree = "<group>"; };
		015352FD16A283110052744D /* image022.jpg */ = {isa = PBXFileReference; lastKnownFileType = image.jpeg; path = image022.jpg; sourceTree = "<group>"; };
		015352FE16A283110052744D /* image023.jpg */ = {isa = PBXFileReference; lastKnownFileType = image.jpeg; path = image023.jpg; sourceTree = "<group>"; };
		015352FF16A283110052744D /* image024.jpg */ = {isa = PBXFileReference; lastKnownFileType = image.jpeg; path = image024.jpg; sourceTree = "<group>"; };
		0153530016A283110052744D /* image025.jpg */ = {isa = PBXFileReference; lastKnownFileType = image.jpeg; path = image025.jpg; sourceTree = "<group>"; };
		0153530116A283110052744D /* image026.jpg */ = {isa = PBXFileReference; lastKnownFileType = image.jpeg; path = image026.jpg; sourceTree = "<group>"; };
		0153530216A283110052744D /* image027.jpg */ = {isa = PBXFileReference; lastKnownFileType = image.jpeg; path = image027.jpg; sourceTree = "<group>"; };
		0153530316A283110052744D /* image028.jpg */ = {isa = PBXFileReference; lastKnownFileType = image.jpeg; path = image028.jpg; sourceTree = "<group>"; };
		0153530416A283110052744D /* image029.jpg */ = {isa = PBXFileReference; lastKnownFileType = image.jpeg; path = image029.jpg; sourceTree = "<group>"; };
		0153530516A283110052744D /* image030.jpg */ = {isa = PBXFileReference; lastKnownFileType = image.jpeg; path = image030.jpg; sourceTree = "<group>"; };
		0153530616A283110052744D /* image031.jpg */ = {isa = PBXFileReference; lastKnownFileType = image.jpeg; path = image031.jpg; sourceTree = "<group>"; };
		0153530716A283110052744D /* image032.jpg */ = {isa = PBXFileReference; lastKnownFileType = image.jpeg; path = image032.jpg; sourceTree = "<group>"; };
		0153530816A283110052744D /* image033.jpg */ = {isa = PBXFileReference; lastKnownFileType = image.jpeg; path = image033.jpg; sourceTree = "<group>"; };
		0153530916A283110052744D /* image034.jpg */ = {isa = PBXFileReference; lastKnownFileType = image.jpeg; path = image034.jpg; sourceTree = "<group>"; };
		0153530A16A283110052744D /* image035.jpg */ = {isa = PBXFileReference; lastKnownFileType = image.jpeg; path = image035.jpg; sourceTree = "<group>"; };
		0153530B16A283110052744D /* image036.jpg */ = {isa = PBXFileReference; lastKnownFileType = image.jpeg; path = image036.jpg; sourceTree = "<group>"; };
		0153530C16A283110052744D /* image037.jpg */ = {isa = PBXFileReference; lastKnownFileType = image.jpeg; path = image037.jpg; sourceTree = "<group>"; };
		0153530D16A283110052744D /* image038.jpg */ = {isa = PBXFileReference; lastKnownFileType = image.jpeg; path = image038.jpg; sourceTree = "<group>"; };
		0153530E16A283110052744D /* image039.jpg */ = {isa = PBXFileReference; lastKnownFileType = image.jpeg; path = image039.jpg; sourceTree = "<group>"; };
		0153530F16A283110052744D /* image040.jpg */ = {isa = PBXFileReference; lastKnownFileType = image.jpeg; path = image040.jpg; sourceTree = "<group>"; };
		0153531016A283110052744D /* image041.jpg */ = {isa = PBXFileReference; lastKnownFileType = image.jpeg; path = image041.jpg; sourceTree = "<group>"; };
		0153531116A283110052744D /* image042.jpg */ = {isa = PBXFileReference; lastKnownFileType = image.jpeg; path = image042.jpg; sourceTree = "<group>"; };
		0153531216A283110052744D /* image043.jpg */ = {isa = PBXFileReference; lastKnownFileType = image.jpeg; path = image043.jpg; sourceTree = "<group>"; };
		0153531316A283110052744D /* image044.jpg */ = {isa = PBXFileReference; lastKnownFileType = image.jpeg; path = image044.jpg; sourceTree = "<group>"; };
		0153531416A283110052744D /* image045.jpg */ = {isa = PBXFileReference; lastKnownFileType = image.jpeg; path = image045.jpg; sourceTree = "<group>"; };
		0153531516A283110052744D /* image046.jpg */ = {isa = PBXFileReference; lastKnownFileType = image.jpeg; path = image046.jpg; sourceTree = "<group>"; };
		0153531616A283110052744D /* image047.jpg */ = {isa = PBXFileReference; lastKnownFileType = image.jpeg; path = image047.jpg; sourceTree = "<group>"; };
		0153531716A283110052744D /* image048.jpg */ = {isa = PBXFileReference; lastKnownFileType = image.jpeg; path = image048.jpg; sourceTree = "<group>"; };
		0153531816A283110052744D /* image049.jpg */ = {isa = PBXFileReference; lastKnownFileType = image.jpeg; path = image049.jpg; sourceTree = "<group>"; };
		0153531916A283110052744D /* image050.jpg */ = {isa = PBXFileReference; lastKnownFileType = image.jpeg; path = image050.jpg; sourceTree = "<group>"; };
		0153531A16A283110052744D /* image051.jpg */ = {isa = PBXFileReference; lastKnownFileType = image.jpeg; path = image051.jpg; sourceTree = "<group>"; };
		0153531B16A283110052744D /* image052.jpg */ = {isa = PBXFileReference; lastKnownFileType = image.jpeg; path = image052.jpg; sourceTree = "<group>"; };
		0153531C16A283110052744D /* image053.jpg */ = {isa = PBXFileReference; lastKnownFileType = image.jpeg; path = image053.jpg; sourceTree = "<group>"; };
		0153531D16A283110052744D /* image054.jpg */ = {isa = PBXFileReference; lastKnownFileType = image.jpeg; path = image054.jpg; sourceTree = "<group>"; };
		0153531E16A283110052744D /* image055.jpg */ = {isa = PBXFileReference; lastKnownFileType = image.jpeg; path = image055.jpg; sourceTree = "<group>"; };
		0153531F16A283110052744D /* image056.jpg */ = {isa = PBXFileReference; lastKnownFileType = image.jpeg; path = image056.jpg; sourceTree = "<group>"; };
		0153532016A283110052744D /* image057.jpg */ = {isa = PBXFileReference; lastKnownFileType = image.jpeg; path = image057.jpg; sourceTree = "<group>"; };
		0153532116A283110052744D /* image058.jpg */ = {isa = PBXFileReference; lastKnownFileType = image.jpeg; path = image058.jpg; sourceTree = "<group>"; };
		0153736516A59CE30081AE74 /* MyImageView.h */ = {isa = PBXFileReference; fileEncoding = 4; lastKnownFileType = sourcecode.c.h; path = MyImageView.h; sourceTree = "<group>"; };
		0153736616A59CE30081AE74 /* MyImageView.m */ = {isa = PBXFileReference; fileEncoding = 4; lastKnownFileType = sourcecode.c.objc; path = MyImageView.m; sourceTree = "<group>"; };
		0153736A16A59E100081AE74 /* ImageList.h */ = {isa = PBXFileReference; fileEncoding = 4; lastKnownFileType = sourcecode.c.h; path = ImageList.h; sourceTree = "<group>"; };
		0153736B16A59E100081AE74 /* ImageList.m */ = {isa = PBXFileReference; fileEncoding = 4; lastKnownFileType = sourcecode.c.objc; path = ImageList.m; sourceTree = "<group>"; };
		015373AD16A6ED6B0081AE74 /* ListUnit.h */ = {isa = PBXFileReference; fileEncoding = 4; lastKnownFileType = sourcecode.c.h; path = ListUnit.h; sourceTree = "<group>"; };
		015373AE16A6ED6B0081AE74 /* ListUnit.m */ = {isa = PBXFileReference; fileEncoding = 4; lastKnownFileType = sourcecode.c.objc; path = ListUnit.m; sourceTree = "<group>"; };
		015373B116A6FAC90081AE74 /* testView.xib */ = {isa = PBXFileReference; fileEncoding = 4; lastKnownFileType = file.xib; path = testView.xib; sourceTree = "<group>"; };
/* End PBXFileReference section */

/* Begin PBXFrameworksBuildPhase section */
		015352BC16A27F730052744D /* Frameworks */ = {
			isa = PBXFrameworksBuildPhase;
			buildActionMask = 2147483647;
			files = (
				015352C416A27F730052744D /* UIKit.framework in Frameworks */,
				015352C616A27F730052744D /* Foundation.framework in Frameworks */,
				015352C816A27F730052744D /* CoreGraphics.framework in Frameworks */,
			);
			runOnlyForDeploymentPostprocessing = 0;
		};
/* End PBXFrameworksBuildPhase section */

/* Begin PBXGroup section */
		015352B416A27F730052744D = {
			isa = PBXGroup;
			children = (
				015352C916A27F730052744D /* PhotoAlbum */,
				015352C216A27F730052744D /* Frameworks */,
				015352C016A27F730052744D /* Products */,
			);
			sourceTree = "<group>";
		};
		015352C016A27F730052744D /* Products */ = {
			isa = PBXGroup;
			children = (
				015352BF16A27F730052744D /* PhotoAlbum.app */,
			);
			name = Products;
			sourceTree = "<group>";
		};
		015352C216A27F730052744D /* Frameworks */ = {
			isa = PBXGroup;
			children = (
				015352C316A27F730052744D /* UIKit.framework */,
				015352C516A27F730052744D /* Foundation.framework */,
				015352C716A27F730052744D /* CoreGraphics.framework */,
			);
			name = Frameworks;
			sourceTree = "<group>";
		};
		015352C916A27F730052744D /* PhotoAlbum */ = {
			isa = PBXGroup;
			children = (
				015373A016A5A32E0081AE74 /* Controller */,
				0153736916A59CEF0081AE74 /* View */,
				0153736316A59C860081AE74 /* Model */,
				015352CA16A27F730052744D /* Supporting Files */,
			);
			path = PhotoAlbum;
			sourceTree = "<group>";
		};
		015352CA16A27F730052744D /* Supporting Files */ = {
			isa = PBXGroup;
			children = (
				015352E616A283110052744D /* images */,
				015352CB16A27F730052744D /* PhotoAlbum-Info.plist */,
				015352CC16A27F730052744D /* InfoPlist.strings */,
				015352CF16A27F730052744D /* main.m */,
				015352D116A27F730052744D /* PhotoAlbum-Prefix.pch */,
				015352D516A27F730052744D /* Default.png */,
				015352D716A27F730052744D /* Default@2x.png */,
				015352D916A27F730052744D /* Default-568h@2x.png */,
			);
			name = "Supporting Files";
			sourceTree = "<group>";
		};
		015352E616A283110052744D /* images */ = {
			isa = PBXGroup;
			children = (
				015352E716A283110052744D /* icon.png */,
				015352E816A283110052744D /* image001.jpg */,
				015352E916A283110052744D /* image002.jpg */,
				015352EA16A283110052744D /* image003.jpg */,
				015352EB16A283110052744D /* image004.jpg */,
				015352EC16A283110052744D /* image005.jpg */,
				015352ED16A283110052744D /* image006.jpg */,
				015352EE16A283110052744D /* image007.jpg */,
				015352EF16A283110052744D /* image008.jpg */,
				015352F016A283110052744D /* image009.jpg */,
				015352F116A283110052744D /* image010.jpg */,
				015352F216A283110052744D /* image011.jpg */,
				015352F316A283110052744D /* image012.jpg */,
				015352F416A283110052744D /* image013.jpg */,
				015352F516A283110052744D /* image014.jpg */,
				015352F616A283110052744D /* image015.jpg */,
				015352F716A283110052744D /* image016.jpg */,
				015352F816A283110052744D /* image017.jpg */,
				015352F916A283110052744D /* image018.jpg */,
				015352FA16A283110052744D /* image019.jpg */,
				015352FB16A283110052744D /* image020.jpg */,
				015352FC16A283110052744D /* image021.jpg */,
				015352FD16A283110052744D /* image022.jpg */,
				015352FE16A283110052744D /* image023.jpg */,
				015352FF16A283110052744D /* image024.jpg */,
				0153530016A283110052744D /* image025.jpg */,
				0153530116A283110052744D /* image026.jpg */,
				0153530216A283110052744D /* image027.jpg */,
				0153530316A283110052744D /* image028.jpg */,
				0153530416A283110052744D /* image029.jpg */,
				0153530516A283110052744D /* image030.jpg */,
				0153530616A283110052744D /* image031.jpg */,
				0153530716A283110052744D /* image032.jpg */,
				0153530816A283110052744D /* image033.jpg */,
				0153530916A283110052744D /* image034.jpg */,
				0153530A16A283110052744D /* image035.jpg */,
				0153530B16A283110052744D /* image036.jpg */,
				0153530C16A283110052744D /* image037.jpg */,
				0153530D16A283110052744D /* image038.jpg */,
				0153530E16A283110052744D /* image039.jpg */,
				0153530F16A283110052744D /* image040.jpg */,
				0153531016A283110052744D /* image041.jpg */,
				0153531116A283110052744D /* image042.jpg */,
				0153531216A283110052744D /* image043.jpg */,
				0153531316A283110052744D /* image044.jpg */,
				0153531416A283110052744D /* image045.jpg */,
				0153531516A283110052744D /* image046.jpg */,
				0153531616A283110052744D /* image047.jpg */,
				0153531716A283110052744D /* image048.jpg */,
				0153531816A283110052744D /* image049.jpg */,
				0153531916A283110052744D /* image050.jpg */,
				0153531A16A283110052744D /* image051.jpg */,
				0153531B16A283110052744D /* image052.jpg */,
				0153531C16A283110052744D /* image053.jpg */,
				0153531D16A283110052744D /* image054.jpg */,
				0153531E16A283110052744D /* image055.jpg */,
				0153531F16A283110052744D /* image056.jpg */,
				0153532016A283110052744D /* image057.jpg */,
				0153532116A283110052744D /* image058.jpg */,
			);
			path = images;
			sourceTree = "<group>";
		};
		0153736316A59C860081AE74 /* Model */ = {
			isa = PBXGroup;
			children = (
				0153736A16A59E100081AE74 /* ImageList.h */,
				0153736B16A59E100081AE74 /* ImageList.m */,
			);
			name = Model;
			sourceTree = "<group>";
		};
		0153736916A59CEF0081AE74 /* View */ = {
			isa = PBXGroup;
			children = (
				0153736516A59CE30081AE74 /* MyImageView.h */,
				0153736616A59CE30081AE74 /* MyImageView.m */,
				015373B116A6FAC90081AE74 /* testView.xib */,
				015352DE16A27F730052744D /* ViewController.xib */,
				015373AD16A6ED6B0081AE74 /* ListUnit.h */,
				015373AE16A6ED6B0081AE74 /* ListUnit.m */,
			);
			name = View;
			sourceTree = "<group>";
		};
		015373A016A5A32E0081AE74 /* Controller */ = {
			isa = PBXGroup;
			children = (
				015352D216A27F730052744D /* AppDelegate.h */,
				015352D316A27F730052744D /* AppDelegate.m */,
				015352DB16A27F730052744D /* ViewController.h */,
				015352DC16A27F730052744D /* ViewController.m */,
			);
			name = Controller;
			sourceTree = "<group>";
		};
/* End PBXGroup section */

/* Begin PBXNativeTarget section */
		015352BE16A27F730052744D /* PhotoAlbum */ = {
			isa = PBXNativeTarget;
			buildConfigurationList = 015352E316A27F730052744D /* Build configuration list for PBXNativeTarget "PhotoAlbum" */;
			buildPhases = (
				015352BB16A27F730052744D /* Sources */,
				015352BC16A27F730052744D /* Frameworks */,
				015352BD16A27F730052744D /* Resources */,
			);
			buildRules = (
			);
			dependencies = (
			);
			name = PhotoAlbum;
			productName = PhotoAlbum;
			productReference = 015352BF16A27F730052744D /* PhotoAlbum.app */;
			productType = "com.apple.product-type.application";
		};
/* End PBXNativeTarget section */

/* Begin PBXProject section */
		015352B616A27F730052744D /* Project object */ = {
			isa = PBXProject;
			attributes = {
				LastUpgradeCheck = 0450;
				ORGANIZATIONNAME = liuwei;
			};
			buildConfigurationList = 015352B916A27F730052744D /* Build configuration list for PBXProject "PhotoAlbum" */;
			compatibilityVersion = "Xcode 3.2";
			developmentRegion = English;
			hasScannedForEncodings = 0;
			knownRegions = (
				en,
			);
			mainGroup = 015352B416A27F730052744D;
			productRefGroup = 015352C016A27F730052744D /* Products */;
			projectDirPath = "";
			projectRoot = "";
			targets = (
				015352BE16A27F730052744D /* PhotoAlbum */,
			);
		};
/* End PBXProject section */

/* Begin PBXResourcesBuildPhase section */
		015352BD16A27F730052744D /* Resources */ = {
			isa = PBXResourcesBuildPhase;
			buildActionMask = 2147483647;
			files = (
				015352CE16A27F730052744D /* InfoPlist.strings in Resources */,
				015352D616A27F730052744D /* Default.png in Resources */,
				015352D816A27F730052744D /* Default@2x.png in Resources */,
				015352DA16A27F730052744D /* Default-568h@2x.png in Resources */,
				015352E016A27F730052744D /* ViewController.xib in Resources */,
				0153532216A283110052744D /* icon.png in Resources */,
				0153532316A283110052744D /* image001.jpg in Resources */,
				0153532416A283110052744D /* image002.jpg in Resources */,
				0153532516A283110052744D /* image003.jpg in Resources */,
				0153532616A283110052744D /* image004.jpg in Resources */,
				0153532716A283110052744D /* image005.jpg in Resources */,
				0153532816A283110052744D /* image006.jpg in Resources */,
				0153532916A283110052744D /* image007.jpg in Resources */,
				0153532A16A283110052744D /* image008.jpg in Resources */,
				0153532B16A283110052744D /* image009.jpg in Resources */,
				0153532C16A283110052744D /* image010.jpg in Resources */,
				0153532D16A283110052744D /* image011.jpg in Resources */,
				0153532E16A283110052744D /* image012.jpg in Resources */,
				0153532F16A283110052744D /* image013.jpg in Resources */,
				0153533016A283110052744D /* image014.jpg in Resources */,
				0153533116A283110052744D /* image015.jpg in Resources */,
				0153533216A283110052744D /* image016.jpg in Resources */,
				0153533316A283110052744D /* image017.jpg in Resources */,
				0153533416A283110052744D /* image018.jpg in Resources */,
				0153533516A283110052744D /* image019.jpg in Resources */,
				0153533616A283110052744D /* image020.jpg in Resources */,
				0153533716A283110052744D /* image021.jpg in Resources */,
				0153533816A283110052744D /* image022.jpg in Resources */,
				0153533916A283110052744D /* image023.jpg in Resources */,
				0153533A16A283110052744D /* image024.jpg in Resources */,
				0153533B16A283110052744D /* image025.jpg in Resources */,
				0153533C16A283110052744D /* image026.jpg in Resources */,
				0153533D16A283110052744D /* image027.jpg in Resources */,
				0153533E16A283110052744D /* image028.jpg in Resources */,
				0153533F16A283110052744D /* image029.jpg in Resources */,
				0153534016A283110052744D /* image030.jpg in Resources */,
				0153534116A283110052744D /* image031.jpg in Resources */,
				0153534216A283110052744D /* image032.jpg in Resources */,
				0153534316A283110052744D /* image033.jpg in Resources */,
				0153534416A283110052744D /* image034.jpg in Resources */,
				0153534516A283110052744D /* image035.jpg in Resources */,
				0153534616A283110052744D /* image036.jpg in Resources */,
				0153534716A283110052744D /* image037.jpg in Resources */,
				0153534816A283110052744D /* image038.jpg in Resources */,
				0153534916A283110052744D /* image039.jpg in Resources */,
				0153534A16A283110052744D /* image040.jpg in Resources */,
				0153534B16A283110052744D /* image041.jpg in Resources */,
				0153534C16A283110052744D /* image042.jpg in Resources */,
				0153534D16A283110052744D /* image043.jpg in Resources */,
				0153534E16A283110052744D /* image044.jpg in Resources */,
				0153534F16A283110052744D /* image045.jpg in Resources */,
				0153535016A283110052744D /* image046.jpg in Resources */,
				0153535116A283110052744D /* image047.jpg in Resources */,
				0153535216A283110052744D /* image048.jpg in Resources */,
				0153535316A283110052744D /* image049.jpg in Resources */,
				0153535416A283110052744D /* image050.jpg in Resources */,
				0153535516A283110052744D /* image051.jpg in Resources */,
				0153535616A283110052744D /* image052.jpg in Resources */,
				0153535716A283110052744D /* image053.jpg in Resources */,
				0153535816A283110052744D /* image054.jpg in Resources */,
				0153535916A283110052744D /* image055.jpg in Resources */,
				0153535A16A283110052744D /* image056.jpg in Resources */,
				0153535B16A283110052744D /* image057.jpg in Resources */,
				0153535C16A283110052744D /* image058.jpg in Resources */,
				015373B216A6FAC90081AE74 /* testView.xib in Resources */,
			);
			runOnlyForDeploymentPostprocessing = 0;
		};
/* End PBXResourcesBuildPhase section */

/* Begin PBXSourcesBuildPhase section */
		015352BB16A27F730052744D /* Sources */ = {
			isa = PBXSourcesBuildPhase;
			buildActionMask = 2147483647;
			files = (
				015352D016A27F730052744D /* main.m in Sources */,
				015352D416A27F730052744D /* AppDelegate.m in Sources */,
				015352DD16A27F730052744D /* ViewController.m in Sources */,
				0153736716A59CE30081AE74 /* MyImageView.m in Sources */,
				0153736C16A59E100081AE74 /* ImageList.m in Sources */,
				015373AF16A6ED6B0081AE74 /* ListUnit.m in Sources */,
			);
			runOnlyForDeploymentPostprocessing = 0;
		};
/* End PBXSourcesBuildPhase section */

/* Begin PBXVariantGroup section */
		015352CC16A27F730052744D /* InfoPlist.strings */ = {
			isa = PBXVariantGroup;
			children = (
				015352CD16A27F730052744D /* en */,
			);
			name = InfoPlist.strings;
			sourceTree = "<group>";
		};
		015352DE16A27F730052744D /* ViewController.xib */ = {
			isa = PBXVariantGroup;
			children = (
				015352DF16A27F730052744D /* en */,
			);
			name = ViewController.xib;
			sourceTree = "<group>";
		};
/* End PBXVariantGroup section */

/* Begin XCBuildConfiguration section */
		015352E116A27F730052744D /* Debug */ = {
			isa = XCBuildConfiguration;
			buildSettings = {
				ALWAYS_SEARCH_USER_PATHS = NO;
				CLANG_CXX_LANGUAGE_STANDARD = "gnu++0x";
				CLANG_CXX_LIBRARY = "libc++";
				CLANG_WARN_EMPTY_BODY = YES;
				CLANG_WARN__DUPLICATE_METHOD_MATCH = YES;
				"CODE_SIGN_IDENTITY[sdk=iphoneos*]" = "iPhone Developer";
				COPY_PHASE_STRIP = NO;
				GCC_C_LANGUAGE_STANDARD = gnu99;
				GCC_DYNAMIC_NO_PIC = NO;
				GCC_OPTIMIZATION_LEVEL = 0;
				GCC_PREPROCESSOR_DEFINITIONS = (
					"DEBUG=1",
					"$(inherited)",
				);
				GCC_SYMBOLS_PRIVATE_EXTERN = NO;
				GCC_WARN_ABOUT_RETURN_TYPE = YES;
				GCC_WARN_UNINITIALIZED_AUTOS = YES;
				GCC_WARN_UNUSED_VARIABLE = YES;
				IPHONEOS_DEPLOYMENT_TARGET = 6.0;
				ONLY_ACTIVE_ARCH = YES;
				SDKROOT = iphoneos;
				TARGETED_DEVICE_FAMILY = 2;
			};
			name = Debug;
		};
		015352E216A27F730052744D /* Release */ = {
			isa = XCBuildConfiguration;
			buildSettings = {
				ALWAYS_SEARCH_USER_PATHS = NO;
				CLANG_CXX_LANGUAGE_STANDARD = "gnu++0x";
				CLANG_CXX_LIBRARY = "libc++";
				CLANG_WARN_EMPTY_BODY = YES;
				CLANG_WARN__DUPLICATE_METHOD_MATCH = YES;
				"CODE_SIGN_IDENTITY[sdk=iphoneos*]" = "iPhone Developer";
				COPY_PHASE_STRIP = YES;
				GCC_C_LANGUAGE_STANDARD = gnu99;
				GCC_WARN_ABOUT_RETURN_TYPE = YES;
				GCC_WARN_UNINITIALIZED_AUTOS = YES;
				GCC_WARN_UNUSED_VARIABLE = YES;
				IPHONEOS_DEPLOYMENT_TARGET = 6.0;
				OTHER_CFLAGS = "-DNS_BLOCK_ASSERTIONS=1";
				SDKROOT = iphoneos;
				TARGETED_DEVICE_FAMILY = 2;
				VALIDATE_PRODUCT = YES;
			};
			name = Release;
		};
		015352E416A27F730052744D /* Debug */ = {
			isa = XCBuildConfiguration;
			buildSettings = {
				CLANG_ENABLE_OBJC_ARC = YES;
				GCC_PRECOMPILE_PREFIX_HEADER = YES;
				GCC_PREFIX_HEADER = "PhotoAlbum/PhotoAlbum-Prefix.pch";
				INFOPLIST_FILE = "PhotoAlbum/PhotoAlbum-Info.plist";
				PRODUCT_NAME = "$(TARGET_NAME)";
				WRAPPER_EXTENSION = app;
			};
			name = Debug;
		};
		015352E516A27F730052744D /* Release */ = {
			isa = XCBuildConfiguration;
			buildSettings = {
				CLANG_ENABLE_OBJC_ARC = YES;
				GCC_PRECOMPILE_PREFIX_HEADER = YES;
				GCC_PREFIX_HEADER = "PhotoAlbum/PhotoAlbum-Prefix.pch";
				INFOPLIST_FILE = "PhotoAlbum/PhotoAlbum-Info.plist";
				PRODUCT_NAME = "$(TARGET_NAME)";
				WRAPPER_EXTENSION = app;
			};
			name = Release;
		};
/* End XCBuildConfiguration section */

/* Begin XCConfigurationList section */
		015352B916A27F730052744D /* Build configuration list for PBXProject "PhotoAlbum" */ = {
			isa = XCConfigurationList;
			buildConfigurations = (
				015352E116A27F730052744D /* Debug */,
				015352E216A27F730052744D /* Release */,
			);
			defaultConfigurationIsVisible = 0;
			defaultConfigurationName = Release;
		};
		015352E316A27F730052744D /* Build configuration list for PBXNativeTarget "PhotoAlbum" */ = {
			isa = XCConfigurationList;
			buildConfigurations = (
				015352E416A27F730052744D /* Debug */,
				015352E516A27F730052744D /* Release */,
			);
			defaultConfigurationIsVisible = 0;
			defaultConfigurationName = Release;
		};
/* End XCConfigurationList section */
	};
	rootObject = 015352B616A27F730052744D /* Project object */;
}
