// !$*UTF8*$!
{
	archiveVersion = 1;
	classes = {
	};
	objectVersion = 46;
	objects = {

/* Begin PBXBuildFile section */
		015352C416A27F730052744D /* UIKit.framework in Frameworks */ = {isa = PBXBuildFile; fileRef = 015352C316A27F730052744D /* UIKit.framework */; };
		015352C616A27F730052744D /* Foundation.framework in Frameworks */ = {isa = PBXBuildFile; fileRef = 015352C516A27F730052744D /* Foundation.framework */; };
		015352C816A27F730052744D /* CoreGraphics.framework in Frameworks */ = {isa = PBXBuildFile; fileRef = 015352C716A27F730052744D /* CoreGraphics.framework */; };
		015352CE16A27F730052744D /* InfoPlist.strings in Resources */ = {isa = PBXBuildFile; fileRef = 015352CC16A27F730052744D /* InfoPlist.strings */; };
		015352D016A27F730052744D /* main.m in Sources */ = {isa = PBXBuildFile; fileRef = 015352CF16A27F730052744D /* main.m */; };
		015352D416A27F730052744D /* AppDelegate.m in Sources */ = {isa = PBXBuildFile; fileRef = 015352D316A27F730052744D /* AppDelegate.m */; };
		015352D616A27F730052744D /* Default.png in Resources */ = {isa = PBXBuildFile; fileRef = 015352D516A27F730052744D /* Default.png */; };
		015352D816A27F730052744D /* Default@2x.png in Resources */ = {isa = PBXBuildFile; fileRef = 015352D716A27F730052744D /* Default@2x.png */; };
		015352DA16A27F730052744D /* Default-568h@2x.png in Resources */ = {isa = PBXBuildFile; fileRef = 015352D916A27F730052744D /* Default-568h@2x.png */; };
		015352DD16A27F730052744D /* ViewController.m in Sources */ = {isa = PBXBuildFile; fileRef = 015352DC16A27F730052744D /* ViewController.m */; };
		015352E016A27F730052744D /* ViewController.xib in Resources */ = {isa = PBXBuildFile; fileRef = 015352DE16A27F730052744D /* ViewController.xib */; };
/* End PBXBuildFile section */

/* Begin PBXFileReference section */
		015352BF16A27F730052744D /* PhotoAlbum.app */ = {isa = PBXFileReference; explicitFileType = wrapper.application; includeInIndex = 0; path = PhotoAlbum.app; sourceTree = BUILT_PRODUCTS_DIR; };
		015352C316A27F730052744D /* UIKit.framework */ = {isa = PBXFileReference; lastKnownFileType = wrapper.framework; name = UIKit.framework; path = System/Library/Frameworks/UIKit.framework; sourceTree = SDKROOT; };
		015352C516A27F730052744D /* Foundation.framework */ = {isa = PBXFileReference; lastKnownFileType = wrapper.framework; name = Foundation.framework; path = System/Library/Frameworks/Foundation.framework; sourceTree = SDKROOT; };
		015352C716A27F730052744D /* CoreGraphics.framework */ = {isa = PBXFileReference; lastKnownFileType = wrapper.framework; name = CoreGraphics.framework; path = System/Library/Frameworks/CoreGraphics.framework; sourceTree = SDKROOT; };
		015352CB16A27F730052744D /* PhotoAlbum-Info.plist */ = {isa = PBXFileReference; lastKnownFileType = text.plist.xml; path = "PhotoAlbum-Info.plist"; sourceTree = "<group>"; };
		015352CD16A27F730052744D /* en */ = {isa = PBXFileReference; lastKnownFileType = text.plist.strings; name = en; path = en.lproj/InfoPlist.strings; sourceTree = "<group>"; };
		015352CF16A27F730052744D /* main.m */ = {isa = PBXFileReference; lastKnownFileType = sourcecode.c.objc; path = main.m; sourceTree = "<group>"; };
		015352D116A27F730052744D /* PhotoAlbum-Prefix.pch */ = {isa = PBXFileReference; lastKnownFileType = sourcecode.c.h; path = "PhotoAlbum-Prefix.pch"; sourceTree = "<group>"; };
		015352D216A27F730052744D /* AppDelegate.h */ = {isa = PBXFileReference; lastKnownFileType = sourcecode.c.h; path = AppDelegate.h; sourceTree = "<group>"; };
		015352D316A27F730052744D /* AppDelegate.m */ = {isa = PBXFileReference; lastKnownFileType = sourcecode.c.objc; path = AppDelegate.m; sourceTree = "<group>"; };
		015352D516A27F730052744D /* Default.png */ = {isa = PBXFileReference; lastKnownFileType = image.png; path = Default.png; sourceTree = "<group>"; };
		015352D716A27F730052744D /* Default@2x.png */ = {isa = PBXFileReference; lastKnownFileType = image.png; path = "Default@2x.png"; sourceTree = "<group>"; };
		015352D916A27F730052744D /* Default-568h@2x.png */ = {isa = PBXFileReference; lastKnownFileType = image.png; path = "Default-568h@2x.png"; sourceTree = "<group>"; };
		015352DB16A27F730052744D /* ViewController.h */ = {isa = PBXFileReference; lastKnownFileType = sourcecode.c.h; path = ViewController.h; sourceTree = "<group>"; };
		015352DC16A27F730052744D /* ViewController.m */ = {isa = PBXFileReference; lastKnownFileType = sourcecode.c.objc; path = ViewController.m; sourceTree = "<group>"; };
		015352DF16A27F730052744D /* en */ = {isa = PBXFileReference; lastKnownFileType = file.xib; name = en; path = en.lproj/ViewController.xib; sourceTree = "<group>"; };
/* End PBXFileReference section */

/* Begin PBXFrameworksBuildPhase section */
		015352BC16A27F730052744D /* Frameworks */ = {
			isa = PBXFrameworksBuildPhase;
			buildActionMask = 2147483647;
			files = (
				015352C416A27F730052744D /* UIKit.framework in Frameworks */,
				015352C616A27F730052744D /* Foundation.framework in Frameworks */,
				015352C816A27F730052744D /* CoreGraphics.framework in Frameworks */,
			);
			runOnlyForDeploymentPostprocessing = 0;
		};
/* End PBXFrameworksBuildPhase section */

/* Begin PBXGroup section */
		015352B416A27F730052744D = {
			isa = PBXGroup;
			children = (
				015352C916A27F730052744D /* PhotoAlbum */,
				015352C216A27F730052744D /* Frameworks */,
				015352C016A27F730052744D /* Products */,
			);
			sourceTree = "<group>";
		};
		015352C016A27F730052744D /* Products */ = {
			isa = PBXGroup;
			children = (
				015352BF16A27F730052744D /* PhotoAlbum.app */,
			);
			name = Products;
			sourceTree = "<group>";
		};
		015352C216A27F730052744D /* Frameworks */ = {
			isa = PBXGroup;
			children = (
				015352C316A27F730052744D /* UIKit.framework */,
				015352C516A27F730052744D /* Foundation.framework */,
				015352C716A27F730052744D /* CoreGraphics.framework */,
			);
			name = Frameworks;
			sourceTree = "<group>";
		};
		015352C916A27F730052744D /* PhotoAlbum */ = {
			isa = PBXGroup;
			children = (
				015352D216A27F730052744D /* AppDelegate.h */,
				015352D316A27F730052744D /* AppDelegate.m */,
				015352DB16A27F730052744D /* ViewController.h */,
				015352DC16A27F730052744D /* ViewController.m */,
				015352DE16A27F730052744D /* ViewController.xib */,
				015352CA16A27F730052744D /* Supporting Files */,
			);
			path = PhotoAlbum;
			sourceTree = "<group>";
		};
		015352CA16A27F730052744D /* Supporting Files */ = {
			isa = PBXGroup;
			children = (
				015352CB16A27F730052744D /* PhotoAlbum-Info.plist */,
				015352CC16A27F730052744D /* InfoPlist.strings */,
				015352CF16A27F730052744D /* main.m */,
				015352D116A27F730052744D /* PhotoAlbum-Prefix.pch */,
				015352D516A27F730052744D /* Default.png */,
				015352D716A27F730052744D /* Default@2x.png */,
				015352D916A27F730052744D /* Default-568h@2x.png */,
			);
			name = "Supporting Files";
			sourceTree = "<group>";
		};
/* End PBXGroup section */

/* Begin PBXNativeTarget section */
		015352BE16A27F730052744D /* PhotoAlbum */ = {
			isa = PBXNativeTarget;
			buildConfigurationList = 015352E316A27F730052744D /* Build configuration list for PBXNativeTarget "PhotoAlbum" */;
			buildPhases = (
				015352BB16A27F730052744D /* Sources */,
				015352BC16A27F730052744D /* Frameworks */,
				015352BD16A27F730052744D /* Resources */,
			);
			buildRules = (
			);
			dependencies = (
			);
			name = PhotoAlbum;
			productName = PhotoAlbum;
			productReference = 015352BF16A27F730052744D /* PhotoAlbum.app */;
			productType = "com.apple.product-type.application";
		};
/* End PBXNativeTarget section */

/* Begin PBXProject section */
		015352B616A27F730052744D /* Project object */ = {
			isa = PBXProject;
			attributes = {
				LastUpgradeCheck = 0450;
				ORGANIZATIONNAME = liuwei;
			};
			buildConfigurationList = 015352B916A27F730052744D /* Build configuration list for PBXProject "PhotoAlbum" */;
			compatibilityVersion = "Xcode 3.2";
			developmentRegion = English;
			hasScannedForEncodings = 0;
			knownRegions = (
				en,
			);
			mainGroup = 015352B416A27F730052744D;
			productRefGroup = 015352C016A27F730052744D /* Products */;
			projectDirPath = "";
			projectRoot = "";
			targets = (
				015352BE16A27F730052744D /* PhotoAlbum */,
			);
		};
/* End PBXProject section */

/* Begin PBXResourcesBuildPhase section */
		015352BD16A27F730052744D /* Resources */ = {
			isa = PBXResourcesBuildPhase;
			buildActionMask = 2147483647;
			files = (
				015352CE16A27F730052744D /* InfoPlist.strings in Resources */,
				015352D616A27F730052744D /* Default.png in Resources */,
				015352D816A27F730052744D /* Default@2x.png in Resources */,
				015352DA16A27F730052744D /* Default-568h@2x.png in Resources */,
				015352E016A27F730052744D /* ViewController.xib in Resources */,
			);
			runOnlyForDeploymentPostprocessing = 0;
		};
/* End PBXResourcesBuildPhase section */

/* Begin PBXSourcesBuildPhase section */
		015352BB16A27F730052744D /* Sources */ = {
			isa = PBXSourcesBuildPhase;
			buildActionMask = 2147483647;
			files = (
				015352D016A27F730052744D /* main.m in Sources */,
				015352D416A27F730052744D /* AppDelegate.m in Sources */,
				015352DD16A27F730052744D /* ViewController.m in Sources */,
			);
			runOnlyForDeploymentPostprocessing = 0;
		};
/* End PBXSourcesBuildPhase section */

/* Begin PBXVariantGroup section */
		015352CC16A27F730052744D /* InfoPlist.strings */ = {
			isa = PBXVariantGroup;
			children = (
				015352CD16A27F730052744D /* en */,
			);
			name = InfoPlist.strings;
			sourceTree = "<group>";
		};
		015352DE16A27F730052744D /* ViewController.xib */ = {
			isa = PBXVariantGroup;
			children = (
				015352DF16A27F730052744D /* en */,
			);
			name = ViewController.xib;
			sourceTree = "<group>";
		};
/* End PBXVariantGroup section */

/* Begin XCBuildConfiguration section */
		015352E116A27F730052744D /* Debug */ = {
			isa = XCBuildConfiguration;
			buildSettings = {
				ALWAYS_SEARCH_USER_PATHS = NO;
				CLANG_CXX_LANGUAGE_STANDARD = "gnu++0x";
				CLANG_CXX_LIBRARY = "libc++";
				CLANG_WARN_EMPTY_BODY = YES;
				CLANG_WARN__DUPLICATE_METHOD_MATCH = YES;
				"CODE_SIGN_IDENTITY[sdk=iphoneos*]" = "iPhone Developer";
				COPY_PHASE_STRIP = NO;
				GCC_C_LANGUAGE_STANDARD = gnu99;
				GCC_DYNAMIC_NO_PIC = NO;
				GCC_OPTIMIZATION_LEVEL = 0;
				GCC_PREPROCESSOR_DEFINITIONS = (
					"DEBUG=1",
					"$(inherited)",
				);
				GCC_SYMBOLS_PRIVATE_EXTERN = NO;
				GCC_WARN_ABOUT_RETURN_TYPE = YES;
				GCC_WARN_UNINITIALIZED_AUTOS = YES;
				GCC_WARN_UNUSED_VARIABLE = YES;
				IPHONEOS_DEPLOYMENT_TARGET = 6.0;
				ONLY_ACTIVE_ARCH = YES;
				SDKROOT = iphoneos;
				TARGETED_DEVICE_FAMILY = 2;
			};
			name = Debug;
		};
		015352E216A27F730052744D /* Release */ = {
			isa = XCBuildConfiguration;
			buildSettings = {
				ALWAYS_SEARCH_USER_PATHS = NO;
				CLANG_CXX_LANGUAGE_STANDARD = "gnu++0x";
				CLANG_CXX_LIBRARY = "libc++";
				CLANG_WARN_EMPTY_BODY = YES;
				CLANG_WARN__DUPLICATE_METHOD_MATCH = YES;
				"CODE_SIGN_IDENTITY[sdk=iphoneos*]" = "iPhone Developer";
				COPY_PHASE_STRIP = YES;
				GCC_C_LANGUAGE_STANDARD = gnu99;
				GCC_WARN_ABOUT_RETURN_TYPE = YES;
				GCC_WARN_UNINITIALIZED_AUTOS = YES;
				GCC_WARN_UNUSED_VARIABLE = YES;
				IPHONEOS_DEPLOYMENT_TARGET = 6.0;
				OTHER_CFLAGS = "-DNS_BLOCK_ASSERTIONS=1";
				SDKROOT = iphoneos;
				TARGETED_DEVICE_FAMILY = 2;
				VALIDATE_PRODUCT = YES;
			};
			name = Release;
		};
		015352E416A27F730052744D /* Debug */ = {
			isa = XCBuildConfiguration;
			buildSettings = {
				GCC_PRECOMPILE_PREFIX_HEADER = YES;
				GCC_PREFIX_HEADER = "PhotoAlbum/PhotoAlbum-Prefix.pch";
				INFOPLIST_FILE = "PhotoAlbum/PhotoAlbum-Info.plist";
				PRODUCT_NAME = "$(TARGET_NAME)";
				WRAPPER_EXTENSION = app;
			};
			name = Debug;
		};
		015352E516A27F730052744D /* Release */ = {
			isa = XCBuildConfiguration;
			buildSettings = {
				GCC_PRECOMPILE_PREFIX_HEADER = YES;
				GCC_PREFIX_HEADER = "PhotoAlbum/PhotoAlbum-Prefix.pch";
				INFOPLIST_FILE = "PhotoAlbum/PhotoAlbum-Info.plist";
				PRODUCT_NAME = "$(TARGET_NAME)";
				WRAPPER_EXTENSION = app;
			};
			name = Release;
		};
/* End XCBuildConfiguration section */

/* Begin XCConfigurationList section */
		015352B916A27F730052744D /* Build configuration list for PBXProject "PhotoAlbum" */ = {
			isa = XCConfigurationList;
			buildConfigurations = (
				015352E116A27F730052744D /* Debug */,
				015352E216A27F730052744D /* Release */,
			);
			defaultConfigurationIsVisible = 0;
			defaultConfigurationName = Release;
		};
		015352E316A27F730052744D /* Build configuration list for PBXNativeTarget "PhotoAlbum" */ = {
			isa = XCConfigurationList;
			buildConfigurations = (
				015352E416A27F730052744D /* Debug */,
				015352E516A27F730052744D /* Release */,
			);
			defaultConfigurationIsVisible = 0;
		};
/* End XCConfigurationList section */
	};
	rootObject = 015352B616A27F730052744D /* Project object */;
}
